
Microsoft Visual Studio Solution File, Format Version 12.00
# Visual Studio Version 17
VisualStudioVersion = 17.7.34003.232
MinimumVisualStudioVersion = 10.0.40219.1
Project("{FAE04EC0-301F-11D3-BF4B-00C04F79EFBC}") = "Exercício8", "Exercício8\Exercício8.csproj", "{F00FE1EA-CAF3-4805-9D38-7ECE6F6A8068}"
EndProject
Global
	GlobalSection(SolutionConfigurationPlatforms) = preSolution
		Debug|Any CPU = Debug|Any CPU
		Release|Any CPU = Release|Any CPU
	EndGlobalSection
	GlobalSection(ProjectConfigurationPlatforms) = postSolution
		{F00FE1EA-CAF3-4805-9D38-7ECE6F6A8068}.Debug|Any CPU.ActiveCfg = Debug|Any CPU
		{F00FE1EA-CAF3-4805-9D38-7ECE6F6A8068}.Debug|Any CPU.Build.0 = Debug|Any CPU
		{F00FE1EA-CAF3-4805-9D38-7ECE6F6A8068}.Release|Any CPU.ActiveCfg = Release|Any CPU
		{F00FE1EA-CAF3-4805-9D38-7ECE6F6A8068}.Release|Any CPU.Build.0 = Release|Any CPU
	EndGlobalSection
	GlobalSection(SolutionProperties) = preSolution
		HideSolutionNode = FALSE
	EndGlobalSection
	GlobalSection(ExtensibilityGlobals) = postSolution
		SolutionGuid = {4B0D6960-1CDD-4507-B330-2D424D03B79F}
	EndGlobalSection
EndGlobal
