
Microsoft Visual Studio Solution File, Format Version 12.00
# Visual Studio Version 17
VisualStudioVersion = 17.7.34003.232
MinimumVisualStudioVersion = 10.0.40219.1
Project("{FAE04EC0-301F-11D3-BF4B-00C04F79EFBC}") = "Exercício11", "Exercício11\Exercício11.csproj", "{44C60782-9C8F-42DF-A113-D61AC4B0B6C9}"
EndProject
Global
	GlobalSection(SolutionConfigurationPlatforms) = preSolution
		Debug|Any CPU = Debug|Any CPU
		Release|Any CPU = Release|Any CPU
	EndGlobalSection
	GlobalSection(ProjectConfigurationPlatforms) = postSolution
		{44C60782-9C8F-42DF-A113-D61AC4B0B6C9}.Debug|Any CPU.ActiveCfg = Debug|Any CPU
		{44C60782-9C8F-42DF-A113-D61AC4B0B6C9}.Debug|Any CPU.Build.0 = Debug|Any CPU
		{44C60782-9C8F-42DF-A113-D61AC4B0B6C9}.Release|Any CPU.ActiveCfg = Release|Any CPU
		{44C60782-9C8F-42DF-A113-D61AC4B0B6C9}.Release|Any CPU.Build.0 = Release|Any CPU
	EndGlobalSection
	GlobalSection(SolutionProperties) = preSolution
		HideSolutionNode = FALSE
	EndGlobalSection
	GlobalSection(ExtensibilityGlobals) = postSolution
		SolutionGuid = {5982A842-04F6-4AC3-B5F7-6F8E92F3FE77}
	EndGlobalSection
EndGlobal
